
Microsoft Visual Studio Solution File, Format Version 12.00
# Visual Studio Version 17
VisualStudioVersion = 17.9.34728.123
MinimumVisualStudioVersion = 10.0.40219.1
Project("{9A19103F-16F7-4668-BE54-9A1E7A4F7556}") = "ProjectEnglishFall2025", "ProjectEnglishFall2025\ProjectEnglishFall2025.csproj", "{C4F009F5-6B75-4C2B-8A5F-646FBDDDA75F}"
EndProject
Project("{9A19103F-16F7-4668-BE54-9A1E7A4F7556}") = "ProjectFall2025.Application", "ProjectEnglishFall2025.Application\ProjectFall2025.Application.csproj", "{E8A417B4-7B52-4591-A32E-C467D6FB65F0}"
EndProject
Project("{9A19103F-16F7-4668-BE54-9A1E7A4F7556}") = "ProjectFall2025.Infrastructure", "ProjectFall2025.Infrastructure\ProjectFall2025.Infrastructure.csproj", "{BDD90945-13A5-4921-9C4C-5A9D19B7DC0D}"
EndProject
Project("{9A19103F-16F7-4668-BE54-9A1E7A4F7556}") = "ProjectFall2025.Domain", "ProjectFall2025.Domain\ProjectFall2025.Domain.csproj", "{71B9C09A-57FA-4238-88C6-876A06B3ED6D}"
EndProject
Project("{9A19103F-16F7-4668-BE54-9A1E7A4F7556}") = "ProjectFall2025.Common", "ProjectFall2025.Common\ProjectFall2025.Common.csproj", "{EC195B97-31F6-4A9E-A4BD-EB5E50C548D8}"
EndProject
Project("{2150E333-8FDC-42A3-9474-1A3956D46DE8}") = "Solution Items", "Solution Items", "{57E9A4FB-2461-4C4C-9097-D45AFF56D8FC}"
	ProjectSection(SolutionItems) = preProject
		docker-compose.yml = docker-compose.yml
		Dockerfile.xslt = Dockerfile.xslt
	EndProjectSection
EndProject
Global
	GlobalSection(SolutionConfigurationPlatforms) = preSolution
		Debug|Any CPU = Debug|Any CPU
		Release|Any CPU = Release|Any CPU
	EndGlobalSection
	GlobalSection(ProjectConfigurationPlatforms) = postSolution
		{C4F009F5-6B75-4C2B-8A5F-646FBDDDA75F}.Debug|Any CPU.ActiveCfg = Debug|Any CPU
		{C4F009F5-6B75-4C2B-8A5F-646FBDDDA75F}.Debug|Any CPU.Build.0 = Debug|Any CPU
		{C4F009F5-6B75-4C2B-8A5F-646FBDDDA75F}.Release|Any CPU.ActiveCfg = Release|Any CPU
		{C4F009F5-6B75-4C2B-8A5F-646FBDDDA75F}.Release|Any CPU.Build.0 = Release|Any CPU
		{E8A417B4-7B52-4591-A32E-C467D6FB65F0}.Debug|Any CPU.ActiveCfg = Debug|Any CPU
		{E8A417B4-7B52-4591-A32E-C467D6FB65F0}.Debug|Any CPU.Build.0 = Debug|Any CPU
		{E8A417B4-7B52-4591-A32E-C467D6FB65F0}.Release|Any CPU.ActiveCfg = Release|Any CPU
		{E8A417B4-7B52-4591-A32E-C467D6FB65F0}.Release|Any CPU.Build.0 = Release|Any CPU
		{BDD90945-13A5-4921-9C4C-5A9D19B7DC0D}.Debug|Any CPU.ActiveCfg = Debug|Any CPU
		{BDD90945-13A5-4921-9C4C-5A9D19B7DC0D}.Debug|Any CPU.Build.0 = Debug|Any CPU
		{BDD90945-13A5-4921-9C4C-5A9D19B7DC0D}.Release|Any CPU.ActiveCfg = Release|Any CPU
		{BDD90945-13A5-4921-9C4C-5A9D19B7DC0D}.Release|Any CPU.Build.0 = Release|Any CPU
		{71B9C09A-57FA-4238-88C6-876A06B3ED6D}.Debug|Any CPU.ActiveCfg = Debug|Any CPU
		{71B9C09A-57FA-4238-88C6-876A06B3ED6D}.Debug|Any CPU.Build.0 = Debug|Any CPU
		{71B9C09A-57FA-4238-88C6-876A06B3ED6D}.Release|Any CPU.ActiveCfg = Release|Any CPU
		{71B9C09A-57FA-4238-88C6-876A06B3ED6D}.Release|Any CPU.Build.0 = Release|Any CPU
		{EC195B97-31F6-4A9E-A4BD-EB5E50C548D8}.Debug|Any CPU.ActiveCfg = Debug|Any CPU
		{EC195B97-31F6-4A9E-A4BD-EB5E50C548D8}.Debug|Any CPU.Build.0 = Debug|Any CPU
		{EC195B97-31F6-4A9E-A4BD-EB5E50C548D8}.Release|Any CPU.ActiveCfg = Release|Any CPU
		{EC195B97-31F6-4A9E-A4BD-EB5E50C548D8}.Release|Any CPU.Build.0 = Release|Any CPU
	EndGlobalSection
	GlobalSection(SolutionProperties) = preSolution
		HideSolutionNode = FALSE
	EndGlobalSection
	GlobalSection(ExtensibilityGlobals) = postSolution
		SolutionGuid = {565177E5-4D43-47DC-9635-F4924FFBFDF9}
	EndGlobalSection
EndGlobal
